// !$*UTF8*$!
{
	archiveVersion = 1;
	classes = {
	};
	objectVersion = 46;
	objects = {

/* Begin PBXBuildFile section */
		04AFA85ECBFFE698A485DA6C /* include_juce_data_structures.mm */ = {isa = PBXBuildFile; fileRef = 42AC83F1169BA23FF08A3144; };
		17D83E56B7D878EE1416663A /* Main.cpp */ = {isa = PBXBuildFile; fileRef = 9E5B9A4DD2954A7460C47404; };
		18F946A6ECB7BC3CD3A1BBF3 /* include_juce_video.mm */ = {isa = PBXBuildFile; fileRef = 291052D55ACE5637852EEEB1; };
		1C6980F3AB6A57E200F7C456 /* Security.framework */ = {isa = PBXBuildFile; fileRef = 8C8EE0020C7FF62C732D5BDD; };
		22A751EB4CD70622AFD74F04 /* Accelerate.framework */ = {isa = PBXBuildFile; fileRef = DBF479E2652B664BE91715FD; };
		3AC295D7C5E0AB07E917C51D /* BinaryData.cpp */ = {isa = PBXBuildFile; fileRef = 93F71959A0FEEAFBB9B86211; };
		4076ACB9AAA0322BD11A9333 /* CenterCanvas.cpp */ = {isa = PBXBuildFile; fileRef = 69485FBE880484A1802346A9; };
		40929FA0426DFF7CB63E4454 /* IOKit.framework */ = {isa = PBXBuildFile; fileRef = 01175A707E278F8B82441801; };
		4A1E1817904E85A6D4301538 /* BottomPanel.cpp */ = {isa = PBXBuildFile; fileRef = 378A3B9C5B76B06C128926C3; };
		510C149E6ADF0645BED83ECA /* include_juce_graphics_Sheenbidi.c */ = {isa = PBXBuildFile; fileRef = 0CF586453542039EDA0BC3E5; };
		6B675CF5B1EEB83A2284633A /* EQPanel.cpp */ = {isa = PBXBuildFile; fileRef = BC7B0691E9D1310313128AAA; };
		6BC16FF45727D6139CB29F3F /* TopNavigationBar.cpp */ = {isa = PBXBuildFile; fileRef = CFBA3383E6D9911121F34965; };
		6DFFE28B072CD683A8B0C579 /* MetalKit.framework */ = {isa = PBXBuildFile; fileRef = 889265B38DED9B5D7B442255; settings = { ATTRIBUTES = (Weak, ); }; };
		6E00BD59A649A45BCC768128 /* include_juce_animation.cpp */ = {isa = PBXBuildFile; fileRef = F1CA200E2289C10366E69927; };
		725266647DAC716807570949 /* App */ = {isa = PBXBuildFile; fileRef = 9650F59D5A32A57162190F85; };
		7BCD5F4668B8B7F93982D78B /* include_juce_graphics_Harfbuzz.cpp */ = {isa = PBXBuildFile; fileRef = 30853800F30D3BA005F7BE8F; };
		82952F265CF3DECD72FCCDD5 /* QuartzCore.framework */ = {isa = PBXBuildFile; fileRef = 05A7E975E5D50D26AA278E8F; };
		86D5C1ACF6925E58A74143D1 /* include_juce_core_CompilationTime.cpp */ = {isa = PBXBuildFile; fileRef = 68321E4A7D0E7AEEB8E96D12; };
		87BC05EA455579341B86CB99 /* BlockComponent.cpp */ = {isa = PBXBuildFile; fileRef = AA6985F318603C7C4272506E; };
		9587152E9DA1BA6159E8276C /* include_juce_gui_extra.mm */ = {isa = PBXBuildFile; fileRef = C74500DD44FBDF5272660F4A; };
		AF7D580B4ACE5828F5F6CBF7 /* CoreMedia.framework */ = {isa = PBXBuildFile; fileRef = 9A8701F6140D64D059C973FB; };
		B0CA68043AD5343466B8D70F /* include_juce_graphics.mm */ = {isa = PBXBuildFile; fileRef = 26AFBA7D1058E61CDD0485B6; };
		B596C4EE83B0D7C977BD8422 /* Block.cpp */ = {isa = PBXBuildFile; fileRef = A42DA6F7E01D635F18D266C3; };
		BB2FDF6DC37FD058B8E84390 /* LeftSidebar.cpp */ = {isa = PBXBuildFile; fileRef = 0091F1711F61FFBEE977EBF4; };
		BF8B22E57A737D7F67C6A545 /* WebKit.framework */ = {isa = PBXBuildFile; fileRef = 67C7BAEBFBA7100F39309B60; };
		CCB6EAB781107C2E60213A96 /* Cocoa.framework */ = {isa = PBXBuildFile; fileRef = C6E9E3D270F7E1380FD459A9; };
		D4B6CC89119027F01C906FB0 /* include_juce_core.mm */ = {isa = PBXBuildFile; fileRef = E35786E86A0711CEE75756E8; };
		D9E781EEE7AC80767536D6F3 /* Foundation.framework */ = {isa = PBXBuildFile; fileRef = 868707A3278E61794C691443; };
		DF20D0DC5871BB4361EE7E23 /* AVFoundation.framework */ = {isa = PBXBuildFile; fileRef = A00F117CC633717BF783A3A2; };
		EC809A1E45DD6DC32D7E7DFC /* include_juce_gui_basics.mm */ = {isa = PBXBuildFile; fileRef = 7168FCB5738210CE4826BEBB; };
		ED4E7294E64F5D5F85959BE6 /* MainComponent.cpp */ = {isa = PBXBuildFile; fileRef = B4D9A95F50C0A1968026201C; };
		EE1FD12EBF7726D2A3ED9B34 /* AVKit.framework */ = {isa = PBXBuildFile; fileRef = 105F336A6C00BBCA7DEF5C7F; };
		F3825112E43EDCDBBE7D7C2F /* Metal.framework */ = {isa = PBXBuildFile; fileRef = FD802688BAE31E675F49F13B; settings = { ATTRIBUTES = (Weak, ); }; };
		F3FFC2B4E9BEDD724B3159E4 /* include_juce_events.mm */ = {isa = PBXBuildFile; fileRef = 7483F0A96D21A36EDCE659A1; };
		F4A3E0728E970A4EF70FF729 /* include_juce_audio_basics.mm */ = {isa = PBXBuildFile; fileRef = 66A5C33DEFDC677A1175FA65; };
		F684AF368E9DFB926CEE4F9B /* RecentFilesMenuTemplate.nib */ = {isa = PBXBuildFile; fileRef = 0F48F59C297963594F410D98; };
/* End PBXBuildFile section */

/* Begin PBXFileReference section */
		0091F1711F61FFBEE977EBF4 /* LeftSidebar.cpp */ /* LeftSidebar.cpp */ = {isa = PBXFileReference; lastKnownFileType = sourcecode.cpp.cpp; name = LeftSidebar.cpp; path = ../../Source/LeftSidebar.cpp; sourceTree = SOURCE_ROOT; };
		01175A707E278F8B82441801 /* IOKit.framework */ /* IOKit.framework */ = {isa = PBXFileReference; lastKnownFileType = wrapper.framework; name = IOKit.framework; path = System/Library/Frameworks/IOKit.framework; sourceTree = SDKROOT; };
		05A7E975E5D50D26AA278E8F /* QuartzCore.framework */ /* QuartzCore.framework */ = {isa = PBXFileReference; lastKnownFileType = wrapper.framework; name = QuartzCore.framework; path = System/Library/Frameworks/QuartzCore.framework; sourceTree = SDKROOT; };
		0CF586453542039EDA0BC3E5 /* include_juce_graphics_Sheenbidi.c */ /* include_juce_graphics_Sheenbidi.c */ = {isa = PBXFileReference; lastKnownFileType = sourcecode.c.c; name = include_juce_graphics_Sheenbidi.c; path = ../../JuceLibraryCode/include_juce_graphics_Sheenbidi.c; sourceTree = SOURCE_ROOT; };
		0F48F59C297963594F410D98 /* RecentFilesMenuTemplate.nib */ /* RecentFilesMenuTemplate.nib */ = {isa = PBXFileReference; lastKnownFileType = file.nib; name = RecentFilesMenuTemplate.nib; path = RecentFilesMenuTemplate.nib; sourceTree = SOURCE_ROOT; };
		105F336A6C00BBCA7DEF5C7F /* AVKit.framework */ /* AVKit.framework */ = {isa = PBXFileReference; lastKnownFileType = wrapper.framework; name = AVKit.framework; path = System/Library/Frameworks/AVKit.framework; sourceTree = SDKROOT; };
		13FE1EEA8C7673B278C0737C /* EQComponents.h */ /* EQComponents.h */ = {isa = PBXFileReference; lastKnownFileType = sourcecode.c.h; name = EQComponents.h; path = ../../Source/EQ/EQComponents.h; sourceTree = SOURCE_ROOT; };
		1A8C17CB173F353E5C7F35AB /* TemplatesIcon.png */ /* TemplatesIcon.png */ = {isa = PBXFileReference; lastKnownFileType = image.png; name = TemplatesIcon.png; path = ../../Resources/TemplatesIcon.png; sourceTree = SOURCE_ROOT; };
		26AFBA7D1058E61CDD0485B6 /* include_juce_graphics.mm */ /* include_juce_graphics.mm */ = {isa = PBXFileReference; lastKnownFileType = sourcecode.cpp.objcpp; name = include_juce_graphics.mm; path = ../../JuceLibraryCode/include_juce_graphics.mm; sourceTree = SOURCE_ROOT; };
		291052D55ACE5637852EEEB1 /* include_juce_video.mm */ /* include_juce_video.mm */ = {isa = PBXFileReference; lastKnownFileType = sourcecode.cpp.objcpp; name = include_juce_video.mm; path = ../../JuceLibraryCode/include_juce_video.mm; sourceTree = SOURCE_ROOT; };
		2ABE0B32E3F081BB847608AB /* BottomPanel.h */ /* BottomPanel.h */ = {isa = PBXFileReference; lastKnownFileType = sourcecode.c.h; name = BottomPanel.h; path = ../../Source/BottomPanel.h; sourceTree = SOURCE_ROOT; };
		2AC733B994A6CFCF15E5B78B /* GUIIcon.png */ /* GUIIcon.png */ = {isa = PBXFileReference; lastKnownFileType = image.png; name = GUIIcon.png; path = ../../Resources/GUIIcon.png; sourceTree = SOURCE_ROOT; };
		30646085444CB0AED6B4D3D9 /* juce_animation */ /* juce_animation */ = {isa = PBXFileReference; lastKnownFileType = folder; name = juce_animation; path = /Users/amaristewart/Documents/JUCE/modules/juce_animation; sourceTree = "<absolute>"; };
		30853800F30D3BA005F7BE8F /* include_juce_graphics_Harfbuzz.cpp */ /* include_juce_graphics_Harfbuzz.cpp */ = {isa = PBXFileReference; lastKnownFileType = sourcecode.cpp.cpp; name = include_juce_graphics_Harfbuzz.cpp; path = ../../JuceLibraryCode/include_juce_graphics_Harfbuzz.cpp; sourceTree = SOURCE_ROOT; };
		37074B2BD8239574816D0962 /* juce_gui_basics */ /* juce_gui_basics */ = {isa = PBXFileReference; lastKnownFileType = folder; name = juce_gui_basics; path = /Users/amaristewart/Documents/JUCE/modules/juce_gui_basics; sourceTree = "<absolute>"; };
		378A3B9C5B76B06C128926C3 /* BottomPanel.cpp */ /* BottomPanel.cpp */ = {isa = PBXFileReference; lastKnownFileType = sourcecode.cpp.cpp; name = BottomPanel.cpp; path = ../../Source/BottomPanel.cpp; sourceTree = SOURCE_ROOT; };
		3844BFA04DCD0540DA96BE20 /* GainComponent.png */ /* GainComponent.png */ = {isa = PBXFileReference; lastKnownFileType = image.png; name = GainComponent.png; path = ../../Resources/GainComponent.png; sourceTree = SOURCE_ROOT; };
		3ADD84BF6D2573F0F4F2CF1A /* MainComponent.h */ /* MainComponent.h */ = {isa = PBXFileReference; lastKnownFileType = sourcecode.c.h; name = MainComponent.h; path = ../../MainComponent.h; sourceTree = SOURCE_ROOT; };
		41C158DB3FFFB29332BCC039 /* PluginNameIcon.png */ /* PluginNameIcon.png */ = {isa = PBXFileReference; lastKnownFileType = image.png; name = PluginNameIcon.png; path = ../../Resources/PluginNameIcon.png; sourceTree = SOURCE_ROOT; };
		42AC83F1169BA23FF08A3144 /* include_juce_data_structures.mm */ /* include_juce_data_structures.mm */ = {isa = PBXFileReference; lastKnownFileType = sourcecode.cpp.objcpp; name = include_juce_data_structures.mm; path = ../../JuceLibraryCode/include_juce_data_structures.mm; sourceTree = SOURCE_ROOT; };
		4302CEEFD86C2A5F0F4FCCD4 /* CenterCanvas.h */ /* CenterCanvas.h */ = {isa = PBXFileReference; lastKnownFileType = sourcecode.c.h; name = CenterCanvas.h; path = ../../Source/CenterCanvas.h; sourceTree = SOURCE_ROOT; };
		442014477B46A4623866DD37 /* LearnIcon.png */ /* LearnIcon.png */ = {isa = PBXFileReference; lastKnownFileType = image.png; name = LearnIcon.png; path = ../../Resources/LearnIcon.png; sourceTree = SOURCE_ROOT; };
		4C15544A281495B824001A0C /* HighpassComponent.png */ /* HighpassComponent.png */ = {isa = PBXFileReference; lastKnownFileType = image.png; name = HighpassComponent.png; path = ../../Resources/HighpassComponent.png; sourceTree = SOURCE_ROOT; };
		4CC70AE2B81CE5A738CB0FE3 /* ProjectsIcon.png */ /* ProjectsIcon.png */ = {isa = PBXFileReference; lastKnownFileType = image.png; name = ProjectsIcon.png; path = ../../Resources/ProjectsIcon.png; sourceTree = SOURCE_ROOT; };
		56E8CD7F8415C185915C651D /* juce_events */ /* juce_events */ = {isa = PBXFileReference; lastKnownFileType = folder; name = juce_events; path = /Users/amaristewart/Documents/JUCE/modules/juce_events; sourceTree = "<absolute>"; };
		5CBCE34C014B564B129AF9FE /* TopNavigationBar.h */ /* TopNavigationBar.h */ = {isa = PBXFileReference; lastKnownFileType = sourcecode.c.h; name = TopNavigationBar.h; path = ../../Source/TopNavigationBar.h; sourceTree = SOURCE_ROOT; };
		5FD9551E9BDE83B263E7DCB4 /* CodeIcon.png */ /* CodeIcon.png */ = {isa = PBXFileReference; lastKnownFileType = image.png; name = CodeIcon.png; path = ../../Resources/CodeIcon.png; sourceTree = SOURCE_ROOT; };
		66A5C33DEFDC677A1175FA65 /* include_juce_audio_basics.mm */ /* include_juce_audio_basics.mm */ = {isa = PBXFileReference; lastKnownFileType = sourcecode.cpp.objcpp; name = include_juce_audio_basics.mm; path = ../../JuceLibraryCode/include_juce_audio_basics.mm; sourceTree = SOURCE_ROOT; };
		67C7BAEBFBA7100F39309B60 /* WebKit.framework */ /* WebKit.framework */ = {isa = PBXFileReference; lastKnownFileType = wrapper.framework; name = WebKit.framework; path = System/Library/Frameworks/WebKit.framework; sourceTree = SDKROOT; };
		68321E4A7D0E7AEEB8E96D12 /* include_juce_core_CompilationTime.cpp */ /* include_juce_core_CompilationTime.cpp */ = {isa = PBXFileReference; lastKnownFileType = sourcecode.cpp.cpp; name = include_juce_core_CompilationTime.cpp; path = ../../JuceLibraryCode/include_juce_core_CompilationTime.cpp; sourceTree = SOURCE_ROOT; };
		69485FBE880484A1802346A9 /* CenterCanvas.cpp */ /* CenterCanvas.cpp */ = {isa = PBXFileReference; lastKnownFileType = sourcecode.cpp.cpp; name = CenterCanvas.cpp; path = ../../Source/CenterCanvas.cpp; sourceTree = SOURCE_ROOT; };
		6C1740B0E7FEB51CADF0E695 /* juce_graphics */ /* juce_graphics */ = {isa = PBXFileReference; lastKnownFileType = folder; name = juce_graphics; path = /Users/amaristewart/Documents/JUCE/modules/juce_graphics; sourceTree = "<absolute>"; };
		6F36DA66B1379B6D08C8EEA7 /* PencilEffect.h */ /* PencilEffect.h */ = {isa = PBXFileReference; lastKnownFileType = sourcecode.c.h; name = PencilEffect.h; path = ../../Source/PencilEffect.h; sourceTree = SOURCE_ROOT; };
		7168FCB5738210CE4826BEBB /* include_juce_gui_basics.mm */ /* include_juce_gui_basics.mm */ = {isa = PBXFileReference; lastKnownFileType = sourcecode.cpp.objcpp; name = include_juce_gui_basics.mm; path = ../../JuceLibraryCode/include_juce_gui_basics.mm; sourceTree = SOURCE_ROOT; };
		73CA6A90F942B96344CDFE88 /* JuceHeader.h */ /* JuceHeader.h */ = {isa = PBXFileReference; lastKnownFileType = sourcecode.c.h; name = JuceHeader.h; path = ../../JuceLibraryCode/JuceHeader.h; sourceTree = SOURCE_ROOT; };
		7483F0A96D21A36EDCE659A1 /* include_juce_events.mm */ /* include_juce_events.mm */ = {isa = PBXFileReference; lastKnownFileType = sourcecode.cpp.objcpp; name = include_juce_events.mm; path = ../../JuceLibraryCode/include_juce_events.mm; sourceTree = SOURCE_ROOT; };
		7C8EBA841E8C4B006610C35B /* BlockComponent.h */ /* BlockComponent.h */ = {isa = PBXFileReference; lastKnownFileType = sourcecode.c.h; name = BlockComponent.h; path = ../../Source/BlockComponent.h; sourceTree = SOURCE_ROOT; };
		849D63F122668DCFC24B382C /* juce_data_structures */ /* juce_data_structures */ = {isa = PBXFileReference; lastKnownFileType = folder; name = juce_data_structures; path = /Users/amaristewart/Documents/JUCE/modules/juce_data_structures; sourceTree = "<absolute>"; };
		868707A3278E61794C691443 /* Foundation.framework */ /* Foundation.framework */ = {isa = PBXFileReference; lastKnownFileType = wrapper.framework; name = Foundation.framework; path = System/Library/Frameworks/Foundation.framework; sourceTree = SDKROOT; };
		889265B38DED9B5D7B442255 /* MetalKit.framework */ /* MetalKit.framework */ = {isa = PBXFileReference; lastKnownFileType = wrapper.framework; name = MetalKit.framework; path = System/Library/Frameworks/MetalKit.framework; sourceTree = SDKROOT; };
		88985D84768EC954A82595B3 /* BinaryData.h */ /* BinaryData.h */ = {isa = PBXFileReference; lastKnownFileType = sourcecode.c.h; name = BinaryData.h; path = ../../JuceLibraryCode/BinaryData.h; sourceTree = SOURCE_ROOT; };
		8A3E4C11826A0B60A404E9DE /* TrashIcon.png */ /* TrashIcon.png */ = {isa = PBXFileReference; lastKnownFileType = image.png; name = TrashIcon.png; path = ../../Resources/TrashIcon.png; sourceTree = SOURCE_ROOT; };
		8C8EE0020C7FF62C732D5BDD /* Security.framework */ /* Security.framework */ = {isa = PBXFileReference; lastKnownFileType = wrapper.framework; name = Security.framework; path = System/Library/Frameworks/Security.framework; sourceTree = SDKROOT; };
		8ECDC5830EA51E8746F68B5B /* Info-App.plist */ /* Info-App.plist */ = {isa = PBXFileReference; lastKnownFileType = text.plist.xml; name = "Info-App.plist"; path = "Info-App.plist"; sourceTree = SOURCE_ROOT; };
		8EF012DA724E0860FD90D0A5 /* VisualizersIcon.png */ /* VisualizersIcon.png */ = {isa = PBXFileReference; lastKnownFileType = image.png; name = VisualizersIcon.png; path = ../../Resources/VisualizersIcon.png; sourceTree = SOURCE_ROOT; };
		93F71959A0FEEAFBB9B86211 /* BinaryData.cpp */ /* BinaryData.cpp */ = {isa = PBXFileReference; lastKnownFileType = sourcecode.cpp.cpp; name = BinaryData.cpp; path = ../../JuceLibraryCode/BinaryData.cpp; sourceTree = SOURCE_ROOT; };
		9650F59D5A32A57162190F85 /* App */ = {isa = PBXFileReference; explicitFileType = wrapper.application; includeInIndex = 0; path = NewProject.app; sourceTree = BUILT_PRODUCTS_DIR; };
		9A8701F6140D64D059C973FB /* CoreMedia.framework */ /* CoreMedia.framework */ = {isa = PBXFileReference; lastKnownFileType = wrapper.framework; name = CoreMedia.framework; path = System/Library/Frameworks/CoreMedia.framework; sourceTree = SDKROOT; };
		9BE5103B335A5987437B7D89 /* LowpassComponent.png */ /* LowpassComponent.png */ = {isa = PBXFileReference; lastKnownFileType = image.png; name = LowpassComponent.png; path = ../../Resources/LowpassComponent.png; sourceTree = SOURCE_ROOT; };
		9E5B9A4DD2954A7460C47404 /* Main.cpp */ /* Main.cpp */ = {isa = PBXFileReference; lastKnownFileType = sourcecode.cpp.cpp; name = Main.cpp; path = ../../Source/Main.cpp; sourceTree = SOURCE_ROOT; };
		A00F117CC633717BF783A3A2 /* AVFoundation.framework */ /* AVFoundation.framework */ = {isa = PBXFileReference; lastKnownFileType = wrapper.framework; name = AVFoundation.framework; path = System/Library/Frameworks/AVFoundation.framework; sourceTree = SDKROOT; };
		A42DA6F7E01D635F18D266C3 /* Block.cpp */ /* Block.cpp */ = {isa = PBXFileReference; lastKnownFileType = sourcecode.cpp.cpp; name = Block.cpp; path = ../../Source/Block.cpp; sourceTree = SOURCE_ROOT; };
		A52CCCE352709E01B21CD63B /* juce_video */ /* juce_video */ = {isa = PBXFileReference; lastKnownFileType = folder; name = juce_video; path = /Users/amaristewart/Documents/JUCE/modules/juce_video; sourceTree = "<absolute>"; };
		A588B8D39C8A4FBD961183F7 /* PeakingComponent.png */ /* PeakingComponent.png */ = {isa = PBXFileReference; lastKnownFileType = image.png; name = PeakingComponent.png; path = ../../Resources/PeakingComponent.png; sourceTree = SOURCE_ROOT; };
		AA6985F318603C7C4272506E /* BlockComponent.cpp */ /* BlockComponent.cpp */ = {isa = PBXFileReference; lastKnownFileType = sourcecode.cpp.cpp; name = BlockComponent.cpp; path = ../../Source/BlockComponent.cpp; sourceTree = SOURCE_ROOT; };
		AE83B03CF5CE50B2962B5607 /* CustomShapeButton.h */ /* CustomShapeButton.h */ = {isa = PBXFileReference; lastKnownFileType = sourcecode.c.h; name = CustomShapeButton.h; path = ../../Source/CustomShapeButton.h; sourceTree = SOURCE_ROOT; };
		B2E1CCE60BA8331E651C6961 /* FrequencyComponent.png */ /* FrequencyComponent.png */ = {isa = PBXFileReference; lastKnownFileType = image.png; name = FrequencyComponent.png; path = ../../Resources/FrequencyComponent.png; sourceTree = SOURCE_ROOT; };
		B4D9A95F50C0A1968026201C /* MainComponent.cpp */ /* MainComponent.cpp */ = {isa = PBXFileReference; lastKnownFileType = sourcecode.cpp.cpp; name = MainComponent.cpp; path = ../../MainComponent.cpp; sourceTree = SOURCE_ROOT; };
		BC7B0691E9D1310313128AAA /* EQPanel.cpp */ /* EQPanel.cpp */ = {isa = PBXFileReference; lastKnownFileType = sourcecode.cpp.cpp; name = EQPanel.cpp; path = ../../Source/EQ/EQPanel.cpp; sourceTree = SOURCE_ROOT; };
		BC7E6795EF7643C757F2932E /* logo.png */ /* logo.png */ = {isa = PBXFileReference; lastKnownFileType = image.png; name = logo.png; path = ../../Resources/logo.png; sourceTree = SOURCE_ROOT; };
		C6E9E3D270F7E1380FD459A9 /* Cocoa.framework */ /* Cocoa.framework */ = {isa = PBXFileReference; lastKnownFileType = wrapper.framework; name = Cocoa.framework; path = System/Library/Frameworks/Cocoa.framework; sourceTree = SDKROOT; };
		C74500DD44FBDF5272660F4A /* include_juce_gui_extra.mm */ /* include_juce_gui_extra.mm */ = {isa = PBXFileReference; lastKnownFileType = sourcecode.cpp.objcpp; name = include_juce_gui_extra.mm; path = ../../JuceLibraryCode/include_juce_gui_extra.mm; sourceTree = SOURCE_ROOT; };
		C9FCBB82BAC7BBDF65E61E72 /* juce_audio_basics */ /* juce_audio_basics */ = {isa = PBXFileReference; lastKnownFileType = folder; name = juce_audio_basics; path = /Users/amaristewart/Documents/JUCE/modules/juce_audio_basics; sourceTree = "<absolute>"; };
		CD02A530A1FA1FC065408FAA /* Block.h */ /* Block.h */ = {isa = PBXFileReference; lastKnownFileType = sourcecode.c.h; name = Block.h; path = ../../Source/Block.h; sourceTree = SOURCE_ROOT; };
		CD0776DAABF96783D3EF2D85 /* QComponent.png */ /* QComponent.png */ = {isa = PBXFileReference; lastKnownFileType = image.png; name = QComponent.png; path = ../../Resources/QComponent.png; sourceTree = SOURCE_ROOT; };
		CFBA3383E6D9911121F34965 /* TopNavigationBar.cpp */ /* TopNavigationBar.cpp */ = {isa = PBXFileReference; lastKnownFileType = sourcecode.cpp.cpp; name = TopNavigationBar.cpp; path = ../../Source/TopNavigationBar.cpp; sourceTree = SOURCE_ROOT; };
		D93E09A2AF18A3E64ED269A3 /* EQIcon.png */ /* EQIcon.png */ = {isa = PBXFileReference; lastKnownFileType = image.png; name = EQIcon.png; path = ../../Resources/EQIcon.png; sourceTree = SOURCE_ROOT; };
		D997BC0BCFA8289C8A92145B /* juce_core */ /* juce_core */ = {isa = PBXFileReference; lastKnownFileType = folder; name = juce_core; path = /Users/amaristewart/Documents/JUCE/modules/juce_core; sourceTree = "<absolute>"; };
		DBF479E2652B664BE91715FD /* Accelerate.framework */ /* Accelerate.framework */ = {isa = PBXFileReference; lastKnownFileType = wrapper.framework; name = Accelerate.framework; path = System/Library/Frameworks/Accelerate.framework; sourceTree = SDKROOT; };
		DD6117B6FB0BAC6E23E0B70A /* Utilities.h */ /* Utilities.h */ = {isa = PBXFileReference; lastKnownFileType = sourcecode.c.h; name = Utilities.h; path = ../../Source/Utilities.h; sourceTree = SOURCE_ROOT; };
		E35786E86A0711CEE75756E8 /* include_juce_core.mm */ /* include_juce_core.mm */ = {isa = PBXFileReference; lastKnownFileType = sourcecode.cpp.objcpp; name = include_juce_core.mm; path = ../../JuceLibraryCode/include_juce_core.mm; sourceTree = SOURCE_ROOT; };
		E8FAA409CD560C8C49F8BA44 /* CustomizationIcon.png */ /* CustomizationIcon.png */ = {isa = PBXFileReference; lastKnownFileType = image.png; name = CustomizationIcon.png; path = ../../Resources/CustomizationIcon.png; sourceTree = SOURCE_ROOT; };
		EAAF755C1939D74E336B13E8 /* LeftSidebar.h */ /* LeftSidebar.h */ = {isa = PBXFileReference; lastKnownFileType = sourcecode.c.h; name = LeftSidebar.h; path = ../../Source/LeftSidebar.h; sourceTree = SOURCE_ROOT; };
		EAAFF1BD7F4FD3EA9029ED9F /* juce_gui_extra */ /* juce_gui_extra */ = {isa = PBXFileReference; lastKnownFileType = folder; name = juce_gui_extra; path = /Users/amaristewart/Documents/JUCE/modules/juce_gui_extra; sourceTree = "<absolute>"; };
		EBFA109B27BFDAD5D4DF28BA /* DynamicsIcon.png */ /* DynamicsIcon.png */ = {isa = PBXFileReference; lastKnownFileType = image.png; name = DynamicsIcon.png; path = ../../Resources/DynamicsIcon.png; sourceTree = SOURCE_ROOT; };
		F1CA200E2289C10366E69927 /* include_juce_animation.cpp */ /* include_juce_animation.cpp */ = {isa = PBXFileReference; lastKnownFileType = sourcecode.cpp.cpp; name = include_juce_animation.cpp; path = ../../JuceLibraryCode/include_juce_animation.cpp; sourceTree = SOURCE_ROOT; };
		F1E3C5BCF19E1F5DD1FBEF70 /* EQPanel.h */ /* EQPanel.h */ = {isa = PBXFileReference; lastKnownFileType = sourcecode.c.h; name = EQPanel.h; path = ../../Source/EQ/EQPanel.h; sourceTree = SOURCE_ROOT; };
		FD802688BAE31E675F49F13B /* Metal.framework */ /* Metal.framework */ = {isa = PBXFileReference; lastKnownFileType = wrapper.framework; name = Metal.framework; path = System/Library/Frameworks/Metal.framework; sourceTree = SDKROOT; };
/* End PBXFileReference section */

/* Begin PBXFrameworksBuildPhase section */
		87C097ACB3680689EFAA7B8D = {
			isa = PBXFrameworksBuildPhase;
			buildActionMask = 2147483647;
			files = (
				22A751EB4CD70622AFD74F04,
				DF20D0DC5871BB4361EE7E23,
				EE1FD12EBF7726D2A3ED9B34,
				CCB6EAB781107C2E60213A96,
				AF7D580B4ACE5828F5F6CBF7,
				D9E781EEE7AC80767536D6F3,
				40929FA0426DFF7CB63E4454,
				82952F265CF3DECD72FCCDD5,
				1C6980F3AB6A57E200F7C456,
				BF8B22E57A737D7F67C6A545,
				F3825112E43EDCDBBE7D7C2F,
				6DFFE28B072CD683A8B0C579,
			);
			runOnlyForDeploymentPostprocessing = 0;
		};
/* End PBXFrameworksBuildPhase section */

/* Begin PBXGroup section */
		0453A7977A7EB43D9F8F883A /* Source */ = {
			isa = PBXGroup;
			children = (
				136B18404EDC278F678E988C,
				6F36DA66B1379B6D08C8EEA7,
				A42DA6F7E01D635F18D266C3,
				AE83B03CF5CE50B2962B5607,
				CD02A530A1FA1FC065408FAA,
				AA6985F318603C7C4272506E,
				7C8EBA841E8C4B006610C35B,
				378A3B9C5B76B06C128926C3,
				2ABE0B32E3F081BB847608AB,
				69485FBE880484A1802346A9,
				4302CEEFD86C2A5F0F4FCCD4,
				0091F1711F61FFBEE977EBF4,
				EAAF755C1939D74E336B13E8,
				CFBA3383E6D9911121F34965,
				5CBCE34C014B564B129AF9FE,
				DD6117B6FB0BAC6E23E0B70A,
			);
			name = Source;
			sourceTree = "<group>";
		};
		05B3BE5D0E2019829FF2F477 /* JUCE Modules */ = {
			isa = PBXGroup;
			children = (
				30646085444CB0AED6B4D3D9,
				C9FCBB82BAC7BBDF65E61E72,
				D997BC0BCFA8289C8A92145B,
				849D63F122668DCFC24B382C,
				56E8CD7F8415C185915C651D,
				6C1740B0E7FEB51CADF0E695,
				37074B2BD8239574816D0962,
				EAAFF1BD7F4FD3EA9029ED9F,
				A52CCCE352709E01B21CD63B,
			);
			name = "JUCE Modules";
			sourceTree = "<group>";
		};
		121BA5D7F8B37CAF84F4FC65 /* Resources */ = {
			isa = PBXGroup;
			children = (
				8ECDC5830EA51E8746F68B5B,
				0F48F59C297963594F410D98,
			);
			name = Resources;
			sourceTree = "<group>";
		};
		136B18404EDC278F678E988C /* EQ */ = {
			isa = PBXGroup;
			children = (
				13FE1EEA8C7673B278C0737C,
				BC7B0691E9D1310313128AAA,
				F1E3C5BCF19E1F5DD1FBEF70,
			);
			name = EQ;
			sourceTree = "<group>";
		};
		5BFEE6A3DED08EC50B51DBAA /* Frameworks */ = {
			isa = PBXGroup;
			children = (
				DBF479E2652B664BE91715FD,
				A00F117CC633717BF783A3A2,
				105F336A6C00BBCA7DEF5C7F,
				C6E9E3D270F7E1380FD459A9,
				9A8701F6140D64D059C973FB,
				868707A3278E61794C691443,
				01175A707E278F8B82441801,
				05A7E975E5D50D26AA278E8F,
				8C8EE0020C7FF62C732D5BDD,
				67C7BAEBFBA7100F39309B60,
				FD802688BAE31E675F49F13B,
				889265B38DED9B5D7B442255,
			);
			name = Frameworks;
			sourceTree = "<group>";
		};
		640ADF571F697CAC3FE6B235 /* Source */ = {
			isa = PBXGroup;
			children = (
				B9E56BAD7898AEEFD2C49D90,
				05B3BE5D0E2019829FF2F477,
				E93BBC85C6EAEE843BF1F5F4,
				121BA5D7F8B37CAF84F4FC65,
				5BFEE6A3DED08EC50B51DBAA,
				8005E69300C8C1BFFBF3F50F,
			);
			name = Source;
			sourceTree = "<group>";
		};
		750011AFB513FA23637FD199 /* Resources */ = {
			isa = PBXGroup;
			children = (
				5FD9551E9BDE83B263E7DCB4,
				E8FAA409CD560C8C49F8BA44,
				EBFA109B27BFDAD5D4DF28BA,
				D93E09A2AF18A3E64ED269A3,
				B2E1CCE60BA8331E651C6961,
				3844BFA04DCD0540DA96BE20,
				2AC733B994A6CFCF15E5B78B,
				4C15544A281495B824001A0C,
				442014477B46A4623866DD37,
				BC7E6795EF7643C757F2932E,
				9BE5103B335A5987437B7D89,
				A588B8D39C8A4FBD961183F7,
				41C158DB3FFFB29332BCC039,
				4CC70AE2B81CE5A738CB0FE3,
				CD0776DAABF96783D3EF2D85,
				1A8C17CB173F353E5C7F35AB,
				8A3E4C11826A0B60A404E9DE,
				8EF012DA724E0860FD90D0A5,
			);
			name = Resources;
			sourceTree = "<group>";
		};
		8005E69300C8C1BFFBF3F50F /* Products */ = {
			isa = PBXGroup;
			children = (
				9650F59D5A32A57162190F85,
			);
			name = Products;
			sourceTree = "<group>";
		};
		B9E56BAD7898AEEFD2C49D90 /* ThePluginLabGUIDemo */ = {
			isa = PBXGroup;
			children = (
				750011AFB513FA23637FD199,
				9E5B9A4DD2954A7460C47404,
				B4D9A95F50C0A1968026201C,
				3ADD84BF6D2573F0F4F2CF1A,
				0453A7977A7EB43D9F8F883A,
			);
			name = ThePluginLabGUIDemo;
			sourceTree = "<group>";
		};
		E93BBC85C6EAEE843BF1F5F4 /* JUCE Library Code */ = {
			isa = PBXGroup;
			children = (
				93F71959A0FEEAFBB9B86211,
				88985D84768EC954A82595B3,
				F1CA200E2289C10366E69927,
				66A5C33DEFDC677A1175FA65,
				E35786E86A0711CEE75756E8,
				68321E4A7D0E7AEEB8E96D12,
				42AC83F1169BA23FF08A3144,
				7483F0A96D21A36EDCE659A1,
				26AFBA7D1058E61CDD0485B6,
				30853800F30D3BA005F7BE8F,
				0CF586453542039EDA0BC3E5,
				7168FCB5738210CE4826BEBB,
				C74500DD44FBDF5272660F4A,
				291052D55ACE5637852EEEB1,
				73CA6A90F942B96344CDFE88,
			);
			name = "JUCE Library Code";
			sourceTree = "<group>";
		};
/* End PBXGroup section */

/* Begin PBXNativeTarget section */
		C225F3B918B5DAD11315B76D /* ThePluginLabGUIDemo - App */ = {
			isa = PBXNativeTarget;
			buildConfigurationList = 1184355177AD1CFBED10388F;
			buildPhases = (
				F47F1BCCBE7F80CD771794BC,
				2204603E94D7ACF78BC567A8,
				87C097ACB3680689EFAA7B8D,
			);
			buildRules = (
			);
			dependencies = (
			);
			name = "ThePluginLabGUIDemo - App";
			productName = ThePluginLabGUIDemo;
			productReference = 9650F59D5A32A57162190F85;
			productType = "com.apple.product-type.application";
		};
/* End PBXNativeTarget section */

/* Begin PBXProject section */
		667C023388AD845D314A7EF5 = {
			isa = PBXProject;
			attributes = {
				BuildIndependentTargetsInParallel = YES;
				LastUpgradeCheck = 1340;
				ORGANIZATIONNAME = "";
				TargetAttributes = {
					C225F3B918B5DAD11315B76D = {
						SystemCapabilities = {
							com.apple.ApplicationGroups.iOS = {
								enabled = 0;
							};
							com.apple.HardenedRuntime = {
								enabled = 0;
							};
							com.apple.InAppPurchase = {
								enabled = 0;
							};
							com.apple.InterAppAudio = {
								enabled = 0;
							};
							com.apple.Push = {
								enabled = 0;
							};
							com.apple.Sandbox = {
								enabled = 0;
							};
						};
					};
				};
			};
			buildConfigurationList = 77D105DBAAC2424A8DB7F2FC;
			compatibilityVersion = "Xcode 3.2";
			hasScannedForEncodings = 0;
			knownRegions = (
				en,
				Base,
			);
			mainGroup = 640ADF571F697CAC3FE6B235;
			projectDirPath = "";
			projectRoot = "";
			targets = (
				C225F3B918B5DAD11315B76D,
			);
		};
/* End PBXProject section */

/* Begin PBXResourcesBuildPhase section */
		F47F1BCCBE7F80CD771794BC = {
			isa = PBXResourcesBuildPhase;
			buildActionMask = 2147483647;
			files = (
				F684AF368E9DFB926CEE4F9B,
			);
			runOnlyForDeploymentPostprocessing = 0;
		};
/* End PBXResourcesBuildPhase section */

/* Begin PBXSourcesBuildPhase section */
		2204603E94D7ACF78BC567A8 = {
			isa = PBXSourcesBuildPhase;
			buildActionMask = 2147483647;
			files = (
				17D83E56B7D878EE1416663A,
				ED4E7294E64F5D5F85959BE6,
				6B675CF5B1EEB83A2284633A,
				B596C4EE83B0D7C977BD8422,
				87BC05EA455579341B86CB99,
				4A1E1817904E85A6D4301538,
				4076ACB9AAA0322BD11A9333,
				BB2FDF6DC37FD058B8E84390,
				6BC16FF45727D6139CB29F3F,
				3AC295D7C5E0AB07E917C51D,
				6E00BD59A649A45BCC768128,
				F4A3E0728E970A4EF70FF729,
				D4B6CC89119027F01C906FB0,
				86D5C1ACF6925E58A74143D1,
				04AFA85ECBFFE698A485DA6C,
				F3FFC2B4E9BEDD724B3159E4,
				B0CA68043AD5343466B8D70F,
				7BCD5F4668B8B7F93982D78B,
				510C149E6ADF0645BED83ECA,
				EC809A1E45DD6DC32D7E7DFC,
				9587152E9DA1BA6159E8276C,
				18F946A6ECB7BC3CD3A1BBF3,
			);
			runOnlyForDeploymentPostprocessing = 0;
		};
/* End PBXSourcesBuildPhase section */

/* Begin XCBuildConfiguration section */
		133BD24D8D5B4B9F82EDCF9E /* Debug */ = {
			isa = XCBuildConfiguration;
			buildSettings = {
				ALWAYS_SEARCH_USER_PATHS = NO;
				CLANG_ENABLE_OBJC_WEAK = YES;
				CLANG_WARN_BLOCK_CAPTURE_AUTORELEASING = YES;
				CLANG_WARN_BOOL_CONVERSION = YES;
				CLANG_WARN_COMMA = YES;
				CLANG_WARN_CONSTANT_CONVERSION = YES;
				CLANG_WARN_DEPRECATED_OBJC_IMPLEMENTATIONS = YES;
				CLANG_WARN_EMPTY_BODY = YES;
				CLANG_WARN_ENUM_CONVERSION = YES;
				CLANG_WARN_INFINITE_RECURSION = YES;
				CLANG_WARN_INT_CONVERSION = YES;
				CLANG_WARN_NON_LITERAL_NULL_CONVERSION = YES;
				CLANG_WARN_OBJC_IMPLICIT_RETAIN_SELF = YES;
				CLANG_WARN_OBJC_LITERAL_CONVERSION = YES;
				CLANG_WARN_RANGE_LOOP_ANALYSIS = YES;
				CLANG_WARN_STRICT_PROTOTYPES = YES;
				CLANG_WARN_SUSPICIOUS_MOVE = YES;
				CLANG_WARN_UNREACHABLE_CODE = YES;
				CLANG_WARN__DUPLICATE_METHOD_MATCH = YES;
				DEBUG_INFORMATION_FORMAT = dwarf;
				ENABLE_STRICT_OBJC_MSGSEND = YES;
				ENABLE_TESTABILITY = NO;
				GCC_C_LANGUAGE_STANDARD = c11;
				GCC_INLINES_ARE_PRIVATE_EXTERN = YES;
				GCC_MODEL_TUNING = G5;
				GCC_NO_COMMON_BLOCKS = YES;
				GCC_SYMBOLS_PRIVATE_EXTERN = YES;
				GCC_WARN_64_TO_32_BIT_CONVERSION = YES;
				GCC_WARN_ABOUT_RETURN_TYPE = YES;
				GCC_WARN_CHECK_SWITCH_STATEMENTS = YES;
				GCC_WARN_MISSING_PARENTHESES = YES;
				GCC_WARN_NON_VIRTUAL_DESTRUCTOR = YES;
				GCC_WARN_TYPECHECK_CALLS_TO_PRINTF = YES;
				GCC_WARN_UNDECLARED_SELECTOR = YES;
				GCC_WARN_UNINITIALIZED_AUTOS = YES;
				GCC_WARN_UNUSED_FUNCTION = YES;
				GCC_WARN_UNUSED_VARIABLE = YES;
				ONLY_ACTIVE_ARCH = YES;
				OTHER_CODE_SIGN_FLAGS = --timestamp;
				PRODUCT_NAME = "NewProject";
				SDKROOT = macosx;
				WARNING_CFLAGS = "-Wreorder";
				ZERO_LINK = NO;
			};
			name = Debug;
		};
		77020E6489FC058F7D04DBBE /* Release */ = {
			isa = XCBuildConfiguration;
			buildSettings = {
				ALWAYS_SEARCH_USER_PATHS = NO;
				CLANG_ENABLE_OBJC_WEAK = YES;
				CLANG_WARN_BLOCK_CAPTURE_AUTORELEASING = YES;
				CLANG_WARN_BOOL_CONVERSION = YES;
				CLANG_WARN_COMMA = YES;
				CLANG_WARN_CONSTANT_CONVERSION = YES;
				CLANG_WARN_DEPRECATED_OBJC_IMPLEMENTATIONS = YES;
				CLANG_WARN_EMPTY_BODY = YES;
				CLANG_WARN_ENUM_CONVERSION = YES;
				CLANG_WARN_INFINITE_RECURSION = YES;
				CLANG_WARN_INT_CONVERSION = YES;
				CLANG_WARN_NON_LITERAL_NULL_CONVERSION = YES;
				CLANG_WARN_OBJC_IMPLICIT_RETAIN_SELF = YES;
				CLANG_WARN_OBJC_LITERAL_CONVERSION = YES;
				CLANG_WARN_RANGE_LOOP_ANALYSIS = YES;
				CLANG_WARN_STRICT_PROTOTYPES = YES;
				CLANG_WARN_SUSPICIOUS_MOVE = YES;
				CLANG_WARN_UNREACHABLE_CODE = YES;
				CLANG_WARN__DUPLICATE_METHOD_MATCH = YES;
				DEBUG_INFORMATION_FORMAT = dwarf;
				ENABLE_STRICT_OBJC_MSGSEND = YES;
				ENABLE_TESTABILITY = NO;
				GCC_C_LANGUAGE_STANDARD = c11;
				GCC_INLINES_ARE_PRIVATE_EXTERN = YES;
				GCC_MODEL_TUNING = G5;
				GCC_NO_COMMON_BLOCKS = YES;
				GCC_SYMBOLS_PRIVATE_EXTERN = YES;
				GCC_WARN_64_TO_32_BIT_CONVERSION = YES;
				GCC_WARN_ABOUT_RETURN_TYPE = YES;
				GCC_WARN_CHECK_SWITCH_STATEMENTS = YES;
				GCC_WARN_MISSING_PARENTHESES = YES;
				GCC_WARN_NON_VIRTUAL_DESTRUCTOR = YES;
				GCC_WARN_TYPECHECK_CALLS_TO_PRINTF = YES;
				GCC_WARN_UNDECLARED_SELECTOR = YES;
				GCC_WARN_UNINITIALIZED_AUTOS = YES;
				GCC_WARN_UNUSED_FUNCTION = YES;
				GCC_WARN_UNUSED_VARIABLE = YES;
				OTHER_CODE_SIGN_FLAGS = --timestamp;
				PRODUCT_NAME = "NewProject";
				SDKROOT = macosx;
				WARNING_CFLAGS = "-Wreorder";
				ZERO_LINK = NO;
			};
			name = Release;
		};
		7C7FF7BE85C5513B47E43D33 /* Release */ = {
			isa = XCBuildConfiguration;
			buildSettings = {
				CLANG_CXX_LANGUAGE_STANDARD = "c++17";
				CLANG_CXX_LIBRARY = "libc++";
				CLANG_LINK_OBJC_RUNTIME = NO;
				COMBINE_HIDPI_IMAGES = YES;
				CONFIGURATION_BUILD_DIR = "$(PROJECT_DIR)/build/$(CONFIGURATION)";
				DEAD_CODE_STRIPPING = YES;
				EXCLUDED_ARCHS = "";
				GCC_GENERATE_DEBUGGING_SYMBOLS = NO;
				GCC_OPTIMIZATION_LEVEL = 3;
				GCC_PREPROCESSOR_DEFINITIONS = (
					"_NDEBUG=1",
					"NDEBUG=1",
					"JUCE_PROJUCER_VERSION=0x80004",
					"JUCE_MODULE_AVAILABLE_juce_animation=1",
					"JUCE_MODULE_AVAILABLE_juce_audio_basics=1",
					"JUCE_MODULE_AVAILABLE_juce_core=1",
					"JUCE_MODULE_AVAILABLE_juce_data_structures=1",
					"JUCE_MODULE_AVAILABLE_juce_events=1",
					"JUCE_MODULE_AVAILABLE_juce_graphics=1",
					"JUCE_MODULE_AVAILABLE_juce_gui_basics=1",
					"JUCE_MODULE_AVAILABLE_juce_gui_extra=1",
					"JUCE_MODULE_AVAILABLE_juce_video=1",
					"JUCE_GLOBAL_MODULE_SETTINGS_INCLUDED=1",
					"JUCE_STRICT_REFCOUNTEDPOINTER=1",
					"JUCE_STANDALONE_APPLICATION=1",
					"JUCER_XCODE_MAC_F6D2F4CF=1",
					"JUCE_APP_VERSION=1.0.0",
					"JUCE_APP_VERSION_HEX=0x10000",
					"JucePlugin_Build_VST=0",
					"JucePlugin_Build_VST3=0",
					"JucePlugin_Build_AU=0",
					"JucePlugin_Build_AUv3=0",
					"JucePlugin_Build_AAX=0",
					"JucePlugin_Build_Standalone=0",
					"JucePlugin_Build_Unity=0",
					"JucePlugin_Build_LV2=0",
				);
				GCC_VERSION = com.apple.compilers.llvm.clang.1_0;
				HEADER_SEARCH_PATHS = (
					"$(SRCROOT)/../../JuceLibraryCode",
					"/Users/amaristewart/Documents/JUCE/modules",
					"$(inherited)",
				);
				INFOPLIST_FILE = Info-App.plist;
				INFOPLIST_PREPROCESS = NO;
				INSTALL_PATH = "$(HOME)/Applications";
				LLVM_LTO = YES;
				MACOSX_DEPLOYMENT_TARGET = 10.13;
				MTL_HEADER_SEARCH_PATHS = "$(SRCROOT)/../../JuceLibraryCode /Users/amaristewart/Documents/JUCE/modules";
				PRODUCT_BUNDLE_IDENTIFIER = com.yourcompany.ThePluginLabGUIDemo;
				PRODUCT_NAME = "NewProject";
				USE_HEADERMAP = NO;
				VALID_ARCHS = "i386 x86_64 arm64 arm64e";
			};
			name = Release;
		};
		FCBB9B896D7920297BBDC72E /* Debug */ = {
			isa = XCBuildConfiguration;
			buildSettings = {
				CLANG_CXX_LANGUAGE_STANDARD = "c++17";
				CLANG_CXX_LIBRARY = "libc++";
				CLANG_LINK_OBJC_RUNTIME = NO;
				COMBINE_HIDPI_IMAGES = YES;
				CONFIGURATION_BUILD_DIR = "$(PROJECT_DIR)/build/$(CONFIGURATION)";
				COPY_PHASE_STRIP = NO;
				EXCLUDED_ARCHS = "";
				GCC_DYNAMIC_NO_PIC = NO;
				GCC_OPTIMIZATION_LEVEL = 0;
				GCC_PREPROCESSOR_DEFINITIONS = (
					"_DEBUG=1",
					"DEBUG=1",
					"JUCE_PROJUCER_VERSION=0x80004",
					"JUCE_MODULE_AVAILABLE_juce_animation=1",
					"JUCE_MODULE_AVAILABLE_juce_audio_basics=1",
					"JUCE_MODULE_AVAILABLE_juce_core=1",
					"JUCE_MODULE_AVAILABLE_juce_data_structures=1",
					"JUCE_MODULE_AVAILABLE_juce_events=1",
					"JUCE_MODULE_AVAILABLE_juce_graphics=1",
					"JUCE_MODULE_AVAILABLE_juce_gui_basics=1",
					"JUCE_MODULE_AVAILABLE_juce_gui_extra=1",
					"JUCE_MODULE_AVAILABLE_juce_video=1",
					"JUCE_GLOBAL_MODULE_SETTINGS_INCLUDED=1",
					"JUCE_STRICT_REFCOUNTEDPOINTER=1",
					"JUCE_STANDALONE_APPLICATION=1",
					"JUCER_XCODE_MAC_F6D2F4CF=1",
					"JUCE_APP_VERSION=1.0.0",
					"JUCE_APP_VERSION_HEX=0x10000",
					"JucePlugin_Build_VST=0",
					"JucePlugin_Build_VST3=0",
					"JucePlugin_Build_AU=0",
					"JucePlugin_Build_AUv3=0",
					"JucePlugin_Build_AAX=0",
					"JucePlugin_Build_Standalone=0",
					"JucePlugin_Build_Unity=0",
					"JucePlugin_Build_LV2=0",
				);
				GCC_VERSION = com.apple.compilers.llvm.clang.1_0;
				HEADER_SEARCH_PATHS = (
					"$(SRCROOT)/../../JuceLibraryCode",
					"/Users/amaristewart/Documents/JUCE/modules",
					"$(inherited)",
				);
				INFOPLIST_FILE = Info-App.plist;
				INFOPLIST_PREPROCESS = NO;
				INSTALL_PATH = "$(HOME)/Applications";
				MACOSX_DEPLOYMENT_TARGET = 10.13;
				MTL_HEADER_SEARCH_PATHS = "$(SRCROOT)/../../JuceLibraryCode /Users/amaristewart/Documents/JUCE/modules";
				PRODUCT_BUNDLE_IDENTIFIER = com.yourcompany.ThePluginLabGUIDemo;
				PRODUCT_NAME = "NewProject";
				USE_HEADERMAP = NO;
				VALID_ARCHS = "i386 x86_64 arm64 arm64e";
			};
			name = Debug;
		};
/* End XCBuildConfiguration section */

/* Begin XCConfigurationList section */
		1184355177AD1CFBED10388F = {
			isa = XCConfigurationList;
			buildConfigurations = (
				FCBB9B896D7920297BBDC72E,
				7C7FF7BE85C5513B47E43D33,
			);
			defaultConfigurationIsVisible = 0;
			defaultConfigurationName = Debug;
		};
		77D105DBAAC2424A8DB7F2FC = {
			isa = XCConfigurationList;
			buildConfigurations = (
				133BD24D8D5B4B9F82EDCF9E,
				77020E6489FC058F7D04DBBE,
			);
			defaultConfigurationIsVisible = 0;
			defaultConfigurationName = Debug;
		};
/* End XCConfigurationList section */
	};
	rootObject = 667C023388AD845D314A7EF5 /* Project object */;
}
